// !$*UTF8*$!
{
	archiveVersion = 1;
	classes = {
	};
	objectVersion = 56;
	objects = {

/* Begin PBXBuildFile section */
		D048EEFC2B9E0AA30067C267 /* CircleImage.swift in Sources */ = {isa = PBXBuildFile; fileRef = D048EEFB2B9E0AA30067C267 /* CircleImage.swift */; };
		D048EEFE2B9E0BD40067C267 /* MapView.swift in Sources */ = {isa = PBXBuildFile; fileRef = D048EEFD2B9E0BD40067C267 /* MapView.swift */; };
		D077E35F2B9F52B40042C9DF /* HexagonParameters.swift in Sources */ = {isa = PBXBuildFile; fileRef = D077E35E2B9F52B40042C9DF /* HexagonParameters.swift */; };
		D077E3612B9F54FE0042C9DF /* BadgeBackground.swift in Sources */ = {isa = PBXBuildFile; fileRef = D077E3602B9F54FE0042C9DF /* BadgeBackground.swift */; };
		D08C65E42B9D7FDD00650F81 /* FirstAppApp.swift in Sources */ = {isa = PBXBuildFile; fileRef = D08C65E32B9D7FDD00650F81 /* FirstAppApp.swift */; };
		D08C65E62B9D7FDD00650F81 /* ContentView.swift in Sources */ = {isa = PBXBuildFile; fileRef = D08C65E52B9D7FDD00650F81 /* ContentView.swift */; };
		D08C65E82B9D7FDF00650F81 /* Assets.xcassets in Resources */ = {isa = PBXBuildFile; fileRef = D08C65E72B9D7FDF00650F81 /* Assets.xcassets */; };
		D08C65EB2B9D7FDF00650F81 /* Preview Assets.xcassets in Resources */ = {isa = PBXBuildFile; fileRef = D08C65EA2B9D7FDF00650F81 /* Preview Assets.xcassets */; };
		D08C65F52B9D7FDF00650F81 /* FirstAppTests.swift in Sources */ = {isa = PBXBuildFile; fileRef = D08C65F42B9D7FDF00650F81 /* FirstAppTests.swift */; };
		D08C65FF2B9D7FDF00650F81 /* FirstAppUITests.swift in Sources */ = {isa = PBXBuildFile; fileRef = D08C65FE2B9D7FDF00650F81 /* FirstAppUITests.swift */; };
		D08C66012B9D7FDF00650F81 /* FirstAppUITestsLaunchTests.swift in Sources */ = {isa = PBXBuildFile; fileRef = D08C66002B9D7FDF00650F81 /* FirstAppUITestsLaunchTests.swift */; };
		D0A05AA32BA14AE600B5C52D /* BadgeSymbol.swift in Sources */ = {isa = PBXBuildFile; fileRef = D0A05AA22BA14AE600B5C52D /* BadgeSymbol.swift */; };
		D0A05AA52BA14ECC00B5C52D /* RotateBadgeSymbol.swift in Sources */ = {isa = PBXBuildFile; fileRef = D0A05AA42BA14ECC00B5C52D /* RotateBadgeSymbol.swift */; };
		D0A05AA72BA1503900B5C52D /* Badge.swift in Sources */ = {isa = PBXBuildFile; fileRef = D0A05AA62BA1503900B5C52D /* Badge.swift */; };
		D0A5B28C2B9F076A00A9FAD1 /* FavoriteButton.swift in Sources */ = {isa = PBXBuildFile; fileRef = D0A5B28B2B9F076A00A9FAD1 /* FavoriteButton.swift */; };
		D0E2E42E2B9EB1B2001324DA /* landmarkData.json in Resources */ = {isa = PBXBuildFile; fileRef = D0E2E42D2B9EB1B2001324DA /* landmarkData.json */; };
		D0E2E4302B9EB1EF001324DA /* Landmark.swift in Sources */ = {isa = PBXBuildFile; fileRef = D0E2E42F2B9EB1EF001324DA /* Landmark.swift */; };
		D0E2E4322B9EB416001324DA /* ModelData.swift in Sources */ = {isa = PBXBuildFile; fileRef = D0E2E4312B9EB416001324DA /* ModelData.swift */; };
		D0E2E4382B9EB902001324DA /* LandmarkRow.swift in Sources */ = {isa = PBXBuildFile; fileRef = D0E2E4372B9EB902001324DA /* LandmarkRow.swift */; };
		D0E2E43A2B9EBAE0001324DA /* LandmarkList.swift in Sources */ = {isa = PBXBuildFile; fileRef = D0E2E4392B9EBAE0001324DA /* LandmarkList.swift */; };
		D0E2E43C2B9EBD1C001324DA /* LandmarkDetail.swift in Sources */ = {isa = PBXBuildFile; fileRef = D0E2E43B2B9EBD1C001324DA /* LandmarkDetail.swift */; };
/* End PBXBuildFile section */

/* Begin PBXContainerItemProxy section */
		D08C65F12B9D7FDF00650F81 /* PBXContainerItemProxy */ = {
			isa = PBXContainerItemProxy;
			containerPortal = D08C65D82B9D7FDD00650F81 /* Project object */;
			proxyType = 1;
			remoteGlobalIDString = D08C65DF2B9D7FDD00650F81;
			remoteInfo = FirstApp;
		};
		D08C65FB2B9D7FDF00650F81 /* PBXContainerItemProxy */ = {
			isa = PBXContainerItemProxy;
			containerPortal = D08C65D82B9D7FDD00650F81 /* Project object */;
			proxyType = 1;
			remoteGlobalIDString = D08C65DF2B9D7FDD00650F81;
			remoteInfo = FirstApp;
		};
/* End PBXContainerItemProxy section */

/* Begin PBXFileReference section */
		D048EEFB2B9E0AA30067C267 /* CircleImage.swift */ = {isa = PBXFileReference; lastKnownFileType = sourcecode.swift; path = CircleImage.swift; sourceTree = "<group>"; };
		D048EEFD2B9E0BD40067C267 /* MapView.swift */ = {isa = PBXFileReference; lastKnownFileType = sourcecode.swift; path = MapView.swift; sourceTree = "<group>"; };
		D077E35E2B9F52B40042C9DF /* HexagonParameters.swift */ = {isa = PBXFileReference; lastKnownFileType = sourcecode.swift; path = HexagonParameters.swift; sourceTree = "<group>"; };
		D077E3602B9F54FE0042C9DF /* BadgeBackground.swift */ = {isa = PBXFileReference; lastKnownFileType = sourcecode.swift; path = BadgeBackground.swift; sourceTree = "<group>"; };
		D08C65E02B9D7FDD00650F81 /* FirstApp.app */ = {isa = PBXFileReference; explicitFileType = wrapper.application; includeInIndex = 0; path = FirstApp.app; sourceTree = BUILT_PRODUCTS_DIR; };
		D08C65E32B9D7FDD00650F81 /* FirstAppApp.swift */ = {isa = PBXFileReference; lastKnownFileType = sourcecode.swift; path = FirstAppApp.swift; sourceTree = "<group>"; };
		D08C65E52B9D7FDD00650F81 /* ContentView.swift */ = {isa = PBXFileReference; lastKnownFileType = sourcecode.swift; path = ContentView.swift; sourceTree = "<group>"; };
		D08C65E72B9D7FDF00650F81 /* Assets.xcassets */ = {isa = PBXFileReference; lastKnownFileType = folder.assetcatalog; path = Assets.xcassets; sourceTree = "<group>"; };
		D08C65EA2B9D7FDF00650F81 /* Preview Assets.xcassets */ = {isa = PBXFileReference; lastKnownFileType = folder.assetcatalog; path = "Preview Assets.xcassets"; sourceTree = "<group>"; };
		D08C65F02B9D7FDF00650F81 /* FirstAppTests.xctest */ = {isa = PBXFileReference; explicitFileType = wrapper.cfbundle; includeInIndex = 0; path = FirstAppTests.xctest; sourceTree = BUILT_PRODUCTS_DIR; };
		D08C65F42B9D7FDF00650F81 /* FirstAppTests.swift */ = {isa = PBXFileReference; lastKnownFileType = sourcecode.swift; path = FirstAppTests.swift; sourceTree = "<group>"; };
		D08C65FA2B9D7FDF00650F81 /* FirstAppUITests.xctest */ = {isa = PBXFileReference; explicitFileType = wrapper.cfbundle; includeInIndex = 0; path = FirstAppUITests.xctest; sourceTree = BUILT_PRODUCTS_DIR; };
		D08C65FE2B9D7FDF00650F81 /* FirstAppUITests.swift */ = {isa = PBXFileReference; lastKnownFileType = sourcecode.swift; path = FirstAppUITests.swift; sourceTree = "<group>"; };
		D08C66002B9D7FDF00650F81 /* FirstAppUITestsLaunchTests.swift */ = {isa = PBXFileReference; lastKnownFileType = sourcecode.swift; path = FirstAppUITestsLaunchTests.swift; sourceTree = "<group>"; };
		D0A05AA22BA14AE600B5C52D /* BadgeSymbol.swift */ = {isa = PBXFileReference; lastKnownFileType = sourcecode.swift; path = BadgeSymbol.swift; sourceTree = "<group>"; };
		D0A05AA42BA14ECC00B5C52D /* RotateBadgeSymbol.swift */ = {isa = PBXFileReference; lastKnownFileType = sourcecode.swift; path = RotateBadgeSymbol.swift; sourceTree = "<group>"; };
		D0A05AA62BA1503900B5C52D /* Badge.swift */ = {isa = PBXFileReference; lastKnownFileType = sourcecode.swift; path = Badge.swift; sourceTree = "<group>"; };
		D0A5B28B2B9F076A00A9FAD1 /* FavoriteButton.swift */ = {isa = PBXFileReference; lastKnownFileType = sourcecode.swift; path = FavoriteButton.swift; sourceTree = "<group>"; };
		D0E2E42D2B9EB1B2001324DA /* landmarkData.json */ = {isa = PBXFileReference; fileEncoding = 4; lastKnownFileType = text.json; path = landmarkData.json; sourceTree = "<group>"; };
		D0E2E42F2B9EB1EF001324DA /* Landmark.swift */ = {isa = PBXFileReference; lastKnownFileType = sourcecode.swift; path = Landmark.swift; sourceTree = "<group>"; };
		D0E2E4312B9EB416001324DA /* ModelData.swift */ = {isa = PBXFileReference; lastKnownFileType = sourcecode.swift; path = ModelData.swift; sourceTree = "<group>"; };
		D0E2E4372B9EB902001324DA /* LandmarkRow.swift */ = {isa = PBXFileReference; lastKnownFileType = sourcecode.swift; path = LandmarkRow.swift; sourceTree = "<group>"; };
		D0E2E4392B9EBAE0001324DA /* LandmarkList.swift */ = {isa = PBXFileReference; lastKnownFileType = sourcecode.swift; path = LandmarkList.swift; sourceTree = "<group>"; };
		D0E2E43B2B9EBD1C001324DA /* LandmarkDetail.swift */ = {isa = PBXFileReference; lastKnownFileType = sourcecode.swift; path = LandmarkDetail.swift; sourceTree = "<group>"; };
/* End PBXFileReference section */

/* Begin PBXFrameworksBuildPhase section */
		D08C65DD2B9D7FDD00650F81 /* Frameworks */ = {
			isa = PBXFrameworksBuildPhase;
			buildActionMask = 2147483647;
			files = (
			);
			runOnlyForDeploymentPostprocessing = 0;
		};
		D08C65ED2B9D7FDF00650F81 /* Frameworks */ = {
			isa = PBXFrameworksBuildPhase;
			buildActionMask = 2147483647;
			files = (
			);
			runOnlyForDeploymentPostprocessing = 0;
		};
		D08C65F72B9D7FDF00650F81 /* Frameworks */ = {
			isa = PBXFrameworksBuildPhase;
			buildActionMask = 2147483647;
			files = (
			);
			runOnlyForDeploymentPostprocessing = 0;
		};
/* End PBXFrameworksBuildPhase section */

/* Begin PBXGroup section */
		D08C65D72B9D7FDD00650F81 = {
			isa = PBXGroup;
			children = (
				D08C65E22B9D7FDD00650F81 /* FirstApp */,
				D08C65F32B9D7FDF00650F81 /* FirstAppTests */,
				D08C65FD2B9D7FDF00650F81 /* FirstAppUITests */,
				D08C65E12B9D7FDD00650F81 /* Products */,
			);
			sourceTree = "<group>";
		};
		D08C65E12B9D7FDD00650F81 /* Products */ = {
			isa = PBXGroup;
			children = (
				D08C65E02B9D7FDD00650F81 /* FirstApp.app */,
				D08C65F02B9D7FDF00650F81 /* FirstAppTests.xctest */,
				D08C65FA2B9D7FDF00650F81 /* FirstAppUITests.xctest */,
			);
			name = Products;
			sourceTree = "<group>";
		};
		D08C65E22B9D7FDD00650F81 /* FirstApp */ = {
			isa = PBXGroup;
			children = (
				D08C65E72B9D7FDF00650F81 /* Assets.xcassets */,
				D08C65E32B9D7FDD00650F81 /* FirstAppApp.swift */,
				D0E2E4362B9EB7EE001324DA /* Resources */,
				D0E2E4352B9EB7DF001324DA /* Views */,
				D0E2E4332B9EB7B5001324DA /* Model */,
				D08C65E92B9D7FDF00650F81 /* Preview Content */,
			);
			path = FirstApp;
			sourceTree = "<group>";
		};
		D08C65E92B9D7FDF00650F81 /* Preview Content */ = {
			isa = PBXGroup;
			children = (
				D08C65EA2B9D7FDF00650F81 /* Preview Assets.xcassets */,
			);
			path = "Preview Content";
			sourceTree = "<group>";
		};
		D08C65F32B9D7FDF00650F81 /* FirstAppTests */ = {
			isa = PBXGroup;
			children = (
				D08C65F42B9D7FDF00650F81 /* FirstAppTests.swift */,
			);
			path = FirstAppTests;
			sourceTree = "<group>";
		};
		D08C65FD2B9D7FDF00650F81 /* FirstAppUITests */ = {
			isa = PBXGroup;
			children = (
				D08C65FE2B9D7FDF00650F81 /* FirstAppUITests.swift */,
				D08C66002B9D7FDF00650F81 /* FirstAppUITestsLaunchTests.swift */,
			);
			path = FirstAppUITests;
			sourceTree = "<group>";
		};
		D0A05AA82BA1521300B5C52D /* Badges */ = {
			isa = PBXGroup;
			children = (
				D077E35E2B9F52B40042C9DF /* HexagonParameters.swift */,
				D077E3602B9F54FE0042C9DF /* BadgeBackground.swift */,
				D0A05AA22BA14AE600B5C52D /* BadgeSymbol.swift */,
				D0A05AA42BA14ECC00B5C52D /* RotateBadgeSymbol.swift */,
				D0A05AA62BA1503900B5C52D /* Badge.swift */,
			);
			path = Badges;
			sourceTree = "<group>";
		};
		D0A5B28D2B9F089500A9FAD1 /* Helper */ = {
			isa = PBXGroup;
			children = (
				D0A5B28B2B9F076A00A9FAD1 /* FavoriteButton.swift */,
				D048EEFB2B9E0AA30067C267 /* CircleImage.swift */,
				D048EEFD2B9E0BD40067C267 /* MapView.swift */,
			);
			path = Helper;
			sourceTree = "<group>";
		};
		D0A5B28E2B9F08DB00A9FAD1 /* Landmarks */ = {
			isa = PBXGroup;
			children = (
				D0E2E4372B9EB902001324DA /* LandmarkRow.swift */,
				D0E2E4392B9EBAE0001324DA /* LandmarkList.swift */,
				D0E2E43B2B9EBD1C001324DA /* LandmarkDetail.swift */,
			);
			path = Landmarks;
			sourceTree = "<group>";
		};
		D0E2E4332B9EB7B5001324DA /* Model */ = {
			isa = PBXGroup;
			children = (
				D0E2E42F2B9EB1EF001324DA /* Landmark.swift */,
				D0E2E4312B9EB416001324DA /* ModelData.swift */,
			);
			path = Model;
			sourceTree = "<group>";
		};
		D0E2E4352B9EB7DF001324DA /* Views */ = {
			isa = PBXGroup;
			children = (
				D08C65E52B9D7FDD00650F81 /* ContentView.swift */,
				D0A05AA82BA1521300B5C52D /* Badges */,
				D0A5B28E2B9F08DB00A9FAD1 /* Landmarks */,
				D0A5B28D2B9F089500A9FAD1 /* Helper */,
			);
			path = Views;
			sourceTree = "<group>";
		};
		D0E2E4362B9EB7EE001324DA /* Resources */ = {
			isa = PBXGroup;
			children = (
				D0E2E42D2B9EB1B2001324DA /* landmarkData.json */,
			);
			path = Resources;
			sourceTree = "<group>";
		};
/* End PBXGroup section */

/* Begin PBXNativeTarget section */
		D08C65DF2B9D7FDD00650F81 /* FirstApp */ = {
			isa = PBXNativeTarget;
			buildConfigurationList = D08C66042B9D7FDF00650F81 /* Build configuration list for PBXNativeTarget "FirstApp" */;
			buildPhases = (
				D08C65DC2B9D7FDD00650F81 /* Sources */,
				D08C65DD2B9D7FDD00650F81 /* Frameworks */,
				D08C65DE2B9D7FDD00650F81 /* Resources */,
			);
			buildRules = (
			);
			dependencies = (
			);
			name = FirstApp;
			productName = FirstApp;
			productReference = D08C65E02B9D7FDD00650F81 /* FirstApp.app */;
			productType = "com.apple.product-type.application";
		};
		D08C65EF2B9D7FDF00650F81 /* FirstAppTests */ = {
			isa = PBXNativeTarget;
			buildConfigurationList = D08C66072B9D7FDF00650F81 /* Build configuration list for PBXNativeTarget "FirstAppTests" */;
			buildPhases = (
				D08C65EC2B9D7FDF00650F81 /* Sources */,
				D08C65ED2B9D7FDF00650F81 /* Frameworks */,
				D08C65EE2B9D7FDF00650F81 /* Resources */,
			);
			buildRules = (
			);
			dependencies = (
				D08C65F22B9D7FDF00650F81 /* PBXTargetDependency */,
			);
			name = FirstAppTests;
			productName = FirstAppTests;
			productReference = D08C65F02B9D7FDF00650F81 /* FirstAppTests.xctest */;
			productType = "com.apple.product-type.bundle.unit-test";
		};
		D08C65F92B9D7FDF00650F81 /* FirstAppUITests */ = {
			isa = PBXNativeTarget;
			buildConfigurationList = D08C660A2B9D7FDF00650F81 /* Build configuration list for PBXNativeTarget "FirstAppUITests" */;
			buildPhases = (
				D08C65F62B9D7FDF00650F81 /* Sources */,
				D08C65F72B9D7FDF00650F81 /* Frameworks */,
				D08C65F82B9D7FDF00650F81 /* Resources */,
			);
			buildRules = (
			);
			dependencies = (
				D08C65FC2B9D7FDF00650F81 /* PBXTargetDependency */,
			);
			name = FirstAppUITests;
			productName = FirstAppUITests;
			productReference = D08C65FA2B9D7FDF00650F81 /* FirstAppUITests.xctest */;
			productType = "com.apple.product-type.bundle.ui-testing";
		};
/* End PBXNativeTarget section */

/* Begin PBXProject section */
		D08C65D82B9D7FDD00650F81 /* Project object */ = {
			isa = PBXProject;
			attributes = {
				BuildIndependentTargetsInParallel = 1;
				LastSwiftUpdateCheck = 1520;
				LastUpgradeCheck = 1520;
				TargetAttributes = {
					D08C65DF2B9D7FDD00650F81 = {
						CreatedOnToolsVersion = 15.2;
					};
					D08C65EF2B9D7FDF00650F81 = {
						CreatedOnToolsVersion = 15.2;
						TestTargetID = D08C65DF2B9D7FDD00650F81;
					};
					D08C65F92B9D7FDF00650F81 = {
						CreatedOnToolsVersion = 15.2;
						TestTargetID = D08C65DF2B9D7FDD00650F81;
					};
				};
			};
			buildConfigurationList = D08C65DB2B9D7FDD00650F81 /* Build configuration list for PBXProject "FirstApp" */;
			compatibilityVersion = "Xcode 14.0";
			developmentRegion = en;
			hasScannedForEncodings = 0;
			knownRegions = (
				en,
				Base,
			);
			mainGroup = D08C65D72B9D7FDD00650F81;
			productRefGroup = D08C65E12B9D7FDD00650F81 /* Products */;
			projectDirPath = "";
			projectRoot = "";
			targets = (
				D08C65DF2B9D7FDD00650F81 /* FirstApp */,
				D08C65EF2B9D7FDF00650F81 /* FirstAppTests */,
				D08C65F92B9D7FDF00650F81 /* FirstAppUITests */,
			);
		};
/* End PBXProject section */

/* Begin PBXResourcesBuildPhase section */
		D08C65DE2B9D7FDD00650F81 /* Resources */ = {
			isa = PBXResourcesBuildPhase;
			buildActionMask = 2147483647;
			files = (
				D08C65EB2B9D7FDF00650F81 /* Preview Assets.xcassets in Resources */,
				D08C65E82B9D7FDF00650F81 /* Assets.xcassets in Resources */,
				D0E2E42E2B9EB1B2001324DA /* landmarkData.json in Resources */,
			);
			runOnlyForDeploymentPostprocessing = 0;
		};
		D08C65EE2B9D7FDF00650F81 /* Resources */ = {
			isa = PBXResourcesBuildPhase;
			buildActionMask = 2147483647;
			files = (
			);
			runOnlyForDeploymentPostprocessing = 0;
		};
		D08C65F82B9D7FDF00650F81 /* Resources */ = {
			isa = PBXResourcesBuildPhase;
			buildActionMask = 2147483647;
			files = (
			);
			runOnlyForDeploymentPostprocessing = 0;
		};
/* End PBXResourcesBuildPhase section */

/* Begin PBXSourcesBuildPhase section */
		D08C65DC2B9D7FDD00650F81 /* Sources */ = {
			isa = PBXSourcesBuildPhase;
			buildActionMask = 2147483647;
			files = (
				D08C65E62B9D7FDD00650F81 /* ContentView.swift in Sources */,
				D0A05AA72BA1503900B5C52D /* Badge.swift in Sources */,
				D048EEFE2B9E0BD40067C267 /* MapView.swift in Sources */,
				D0A05AA52BA14ECC00B5C52D /* RotateBadgeSymbol.swift in Sources */,
				D08C65E42B9D7FDD00650F81 /* FirstAppApp.swift in Sources */,
				D0A5B28C2B9F076A00A9FAD1 /* FavoriteButton.swift in Sources */,
				D077E35F2B9F52B40042C9DF /* HexagonParameters.swift in Sources */,
				D0A05AA32BA14AE600B5C52D /* BadgeSymbol.swift in Sources */,
				D0E2E43A2B9EBAE0001324DA /* LandmarkList.swift in Sources */,
				D0E2E43C2B9EBD1C001324DA /* LandmarkDetail.swift in Sources */,
				D077E3612B9F54FE0042C9DF /* BadgeBackground.swift in Sources */,
				D048EEFC2B9E0AA30067C267 /* CircleImage.swift in Sources */,
				D0E2E4302B9EB1EF001324DA /* Landmark.swift in Sources */,
				D0E2E4382B9EB902001324DA /* LandmarkRow.swift in Sources */,
				D0E2E4322B9EB416001324DA /* ModelData.swift in Sources */,
			);
			runOnlyForDeploymentPostprocessing = 0;
		};
		D08C65EC2B9D7FDF00650F81 /* Sources */ = {
			isa = PBXSourcesBuildPhase;
			buildActionMask = 2147483647;
			files = (
				D08C65F52B9D7FDF00650F81 /* FirstAppTests.swift in Sources */,
			);
			runOnlyForDeploymentPostprocessing = 0;
		};
		D08C65F62B9D7FDF00650F81 /* Sources */ = {
			isa = PBXSourcesBuildPhase;
			buildActionMask = 2147483647;
			files = (
				D08C66012B9D7FDF00650F81 /* FirstAppUITestsLaunchTests.swift in Sources */,
				D08C65FF2B9D7FDF00650F81 /* FirstAppUITests.swift in Sources */,
			);
			runOnlyForDeploymentPostprocessing = 0;
		};
/* End PBXSourcesBuildPhase section */

/* Begin PBXTargetDependency section */
		D08C65F22B9D7FDF00650F81 /* PBXTargetDependency */ = {
			isa = PBXTargetDependency;
			target = D08C65DF2B9D7FDD00650F81 /* FirstApp */;
			targetProxy = D08C65F12B9D7FDF00650F81 /* PBXContainerItemProxy */;
		};
		D08C65FC2B9D7FDF00650F81 /* PBXTargetDependency */ = {
			isa = PBXTargetDependency;
			target = D08C65DF2B9D7FDD00650F81 /* FirstApp */;
			targetProxy = D08C65FB2B9D7FDF00650F81 /* PBXContainerItemProxy */;
		};
/* End PBXTargetDependency section */

/* Begin XCBuildConfiguration section */
		D08C66022B9D7FDF00650F81 /* Debug */ = {
			isa = XCBuildConfiguration;
			buildSettings = {
				ALWAYS_SEARCH_USER_PATHS = NO;
				ASSETCATALOG_COMPILER_GENERATE_SWIFT_ASSET_SYMBOL_EXTENSIONS = YES;
				CLANG_ANALYZER_NONNULL = YES;
				CLANG_ANALYZER_NUMBER_OBJECT_CONVERSION = YES_AGGRESSIVE;
				CLANG_CXX_LANGUAGE_STANDARD = "gnu++20";
				CLANG_ENABLE_MODULES = YES;
				CLANG_ENABLE_OBJC_ARC = YES;
				CLANG_ENABLE_OBJC_WEAK = YES;
				CLANG_WARN_BLOCK_CAPTURE_AUTORELEASING = YES;
				CLANG_WARN_BOOL_CONVERSION = YES;
				CLANG_WARN_COMMA = YES;
				CLANG_WARN_CONSTANT_CONVERSION = YES;
				CLANG_WARN_DEPRECATED_OBJC_IMPLEMENTATIONS = YES;
				CLANG_WARN_DIRECT_OBJC_ISA_USAGE = YES_ERROR;
				CLANG_WARN_DOCUMENTATION_COMMENTS = YES;
				CLANG_WARN_EMPTY_BODY = YES;
				CLANG_WARN_ENUM_CONVERSION = YES;
				CLANG_WARN_INFINITE_RECURSION = YES;
				CLANG_WARN_INT_CONVERSION = YES;
				CLANG_WARN_NON_LITERAL_NULL_CONVERSION = YES;
				CLANG_WARN_OBJC_IMPLICIT_RETAIN_SELF = YES;
				CLANG_WARN_OBJC_LITERAL_CONVERSION = YES;
				CLANG_WARN_OBJC_ROOT_CLASS = YES_ERROR;
				CLANG_WARN_QUOTED_INCLUDE_IN_FRAMEWORK_HEADER = YES;
				CLANG_WARN_RANGE_LOOP_ANALYSIS = YES;
				CLANG_WARN_STRICT_PROTOTYPES = YES;
				CLANG_WARN_SUSPICIOUS_MOVE = YES;
				CLANG_WARN_UNGUARDED_AVAILABILITY = YES_AGGRESSIVE;
				CLANG_WARN_UNREACHABLE_CODE = YES;
				CLANG_WARN__DUPLICATE_METHOD_MATCH = YES;
				COPY_PHASE_STRIP = NO;
				DEBUG_INFORMATION_FORMAT = dwarf;
				ENABLE_STRICT_OBJC_MSGSEND = YES;
				ENABLE_TESTABILITY = YES;
				ENABLE_USER_SCRIPT_SANDBOXING = YES;
				GCC_C_LANGUAGE_STANDARD = gnu17;
				GCC_DYNAMIC_NO_PIC = NO;
				GCC_NO_COMMON_BLOCKS = YES;
				GCC_OPTIMIZATION_LEVEL = 0;
				GCC_PREPROCESSOR_DEFINITIONS = (
					"DEBUG=1",
					"$(inherited)",
				);
				GCC_WARN_64_TO_32_BIT_CONVERSION = YES;
				GCC_WARN_ABOUT_RETURN_TYPE = YES_ERROR;
				GCC_WARN_UNDECLARED_SELECTOR = YES;
				GCC_WARN_UNINITIALIZED_AUTOS = YES_AGGRESSIVE;
				GCC_WARN_UNUSED_FUNCTION = YES;
				GCC_WARN_UNUSED_VARIABLE = YES;
				IPHONEOS_DEPLOYMENT_TARGET = 17.2;
				LOCALIZATION_PREFERS_STRING_CATALOGS = YES;
				MTL_ENABLE_DEBUG_INFO = INCLUDE_SOURCE;
				MTL_FAST_MATH = YES;
				ONLY_ACTIVE_ARCH = YES;
				SDKROOT = iphoneos;
				SWIFT_ACTIVE_COMPILATION_CONDITIONS = "DEBUG $(inherited)";
				SWIFT_OPTIMIZATION_LEVEL = "-Onone";
			};
			name = Debug;
		};
		D08C66032B9D7FDF00650F81 /* Release */ = {
			isa = XCBuildConfiguration;
			buildSettings = {
				ALWAYS_SEARCH_USER_PATHS = NO;
				ASSETCATALOG_COMPILER_GENERATE_SWIFT_ASSET_SYMBOL_EXTENSIONS = YES;
				CLANG_ANALYZER_NONNULL = YES;
				CLANG_ANALYZER_NUMBER_OBJECT_CONVERSION = YES_AGGRESSIVE;
				CLANG_CXX_LANGUAGE_STANDARD = "gnu++20";
				CLANG_ENABLE_MODULES = YES;
				CLANG_ENABLE_OBJC_ARC = YES;
				CLANG_ENABLE_OBJC_WEAK = YES;
				CLANG_WARN_BLOCK_CAPTURE_AUTORELEASING = YES;
				CLANG_WARN_BOOL_CONVERSION = YES;
				CLANG_WARN_COMMA = YES;
				CLANG_WARN_CONSTANT_CONVERSION = YES;
				CLANG_WARN_DEPRECATED_OBJC_IMPLEMENTATIONS = YES;
				CLANG_WARN_DIRECT_OBJC_ISA_USAGE = YES_ERROR;
				CLANG_WARN_DOCUMENTATION_COMMENTS = YES;
				CLANG_WARN_EMPTY_BODY = YES;
				CLANG_WARN_ENUM_CONVERSION = YES;
				CLANG_WARN_INFINITE_RECURSION = YES;
				CLANG_WARN_INT_CONVERSION = YES;
				CLANG_WARN_NON_LITERAL_NULL_CONVERSION = YES;
				CLANG_WARN_OBJC_IMPLICIT_RETAIN_SELF = YES;
				CLANG_WARN_OBJC_LITERAL_CONVERSION = YES;
				CLANG_WARN_OBJC_ROOT_CLASS = YES_ERROR;
				CLANG_WARN_QUOTED_INCLUDE_IN_FRAMEWORK_HEADER = YES;
				CLANG_WARN_RANGE_LOOP_ANALYSIS = YES;
				CLANG_WARN_STRICT_PROTOTYPES = YES;
				CLANG_WARN_SUSPICIOUS_MOVE = YES;
				CLANG_WARN_UNGUARDED_AVAILABILITY = YES_AGGRESSIVE;
				CLANG_WARN_UNREACHABLE_CODE = YES;
				CLANG_WARN__DUPLICATE_METHOD_MATCH = YES;
				COPY_PHASE_STRIP = NO;
				DEBUG_INFORMATION_FORMAT = "dwarf-with-dsym";
				ENABLE_NS_ASSERTIONS = NO;
				ENABLE_STRICT_OBJC_MSGSEND = YES;
				ENABLE_USER_SCRIPT_SANDBOXING = YES;
				GCC_C_LANGUAGE_STANDARD = gnu17;
				GCC_NO_COMMON_BLOCKS = YES;
				GCC_WARN_64_TO_32_BIT_CONVERSION = YES;
				GCC_WARN_ABOUT_RETURN_TYPE = YES_ERROR;
				GCC_WARN_UNDECLARED_SELECTOR = YES;
				GCC_WARN_UNINITIALIZED_AUTOS = YES_AGGRESSIVE;
				GCC_WARN_UNUSED_FUNCTION = YES;
				GCC_WARN_UNUSED_VARIABLE = YES;
				IPHONEOS_DEPLOYMENT_TARGET = 17.2;
				LOCALIZATION_PREFERS_STRING_CATALOGS = YES;
				MTL_ENABLE_DEBUG_INFO = NO;
				MTL_FAST_MATH = YES;
				SDKROOT = iphoneos;
				SWIFT_COMPILATION_MODE = wholemodule;
				VALIDATE_PRODUCT = YES;
			};
			name = Release;
		};
		D08C66052B9D7FDF00650F81 /* Debug */ = {
			isa = XCBuildConfiguration;
			buildSettings = {
				ASSETCATALOG_COMPILER_APPICON_NAME = AppIcon;
				ASSETCATALOG_COMPILER_GLOBAL_ACCENT_COLOR_NAME = AccentColor;
				CODE_SIGN_STYLE = Automatic;
				CURRENT_PROJECT_VERSION = 1;
				DEVELOPMENT_ASSET_PATHS = "\"FirstApp/Preview Content\"";
				ENABLE_PREVIEWS = YES;
				GENERATE_INFOPLIST_FILE = YES;
				INFOPLIST_KEY_UIApplicationSceneManifest_Generation = YES;
				INFOPLIST_KEY_UIApplicationSupportsIndirectInputEvents = YES;
				INFOPLIST_KEY_UILaunchScreen_Generation = YES;
				INFOPLIST_KEY_UISupportedInterfaceOrientations_iPad = "UIInterfaceOrientationPortrait UIInterfaceOrientationPortraitUpsideDown UIInterfaceOrientationLandscapeLeft UIInterfaceOrientationLandscapeRight";
				INFOPLIST_KEY_UISupportedInterfaceOrientations_iPhone = "UIInterfaceOrientationPortrait UIInterfaceOrientationLandscapeLeft UIInterfaceOrientationLandscapeRight";
				LD_RUNPATH_SEARCH_PATHS = (
					"$(inherited)",
					"@executable_path/Frameworks",
				);
				MARKETING_VERSION = 1.0;
				PRODUCT_BUNDLE_IDENTIFIER = "Agfi-Hermawan.FirstApp";
				PRODUCT_NAME = "$(TARGET_NAME)";
				SWIFT_EMIT_LOC_STRINGS = YES;
				SWIFT_VERSION = 5.0;
				TARGETED_DEVICE_FAMILY = "1,2";
			};
			name = Debug;
		};
		D08C66062B9D7FDF00650F81 /* Release */ = {
			isa = XCBuildConfiguration;
			buildSettings = {
				ASSETCATALOG_COMPILER_APPICON_NAME = AppIcon;
				ASSETCATALOG_COMPILER_GLOBAL_ACCENT_COLOR_NAME = AccentColor;
				CODE_SIGN_STYLE = Automatic;
				CURRENT_PROJECT_VERSION = 1;
				DEVELOPMENT_ASSET_PATHS = "\"FirstApp/Preview Content\"";
				ENABLE_PREVIEWS = YES;
				GENERATE_INFOPLIST_FILE = YES;
				INFOPLIST_KEY_UIApplicationSceneManifest_Generation = YES;
				INFOPLIST_KEY_UIApplicationSupportsIndirectInputEvents = YES;
				INFOPLIST_KEY_UILaunchScreen_Generation = YES;
				INFOPLIST_KEY_UISupportedInterfaceOrientations_iPad = "UIInterfaceOrientationPortrait UIInterfaceOrientationPortraitUpsideDown UIInterfaceOrientationLandscapeLeft UIInterfaceOrientationLandscapeRight";
				INFOPLIST_KEY_UISupportedInterfaceOrientations_iPhone = "UIInterfaceOrientationPortrait UIInterfaceOrientationLandscapeLeft UIInterfaceOrientationLandscapeRight";
				LD_RUNPATH_SEARCH_PATHS = (
					"$(inherited)",
					"@executable_path/Frameworks",
				);
				MARKETING_VERSION = 1.0;
				PRODUCT_BUNDLE_IDENTIFIER = "Agfi-Hermawan.FirstApp";
				PRODUCT_NAME = "$(TARGET_NAME)";
				SWIFT_EMIT_LOC_STRINGS = YES;
				SWIFT_VERSION = 5.0;
				TARGETED_DEVICE_FAMILY = "1,2";
			};
			name = Release;
		};
		D08C66082B9D7FDF00650F81 /* Debug */ = {
			isa = XCBuildConfiguration;
			buildSettings = {
				ALWAYS_EMBED_SWIFT_STANDARD_LIBRARIES = YES;
				BUNDLE_LOADER = "$(TEST_HOST)";
				CODE_SIGN_STYLE = Automatic;
				CURRENT_PROJECT_VERSION = 1;
				GENERATE_INFOPLIST_FILE = YES;
				IPHONEOS_DEPLOYMENT_TARGET = 17.2;
				MARKETING_VERSION = 1.0;
				PRODUCT_BUNDLE_IDENTIFIER = "Agfi-Hermawan.FirstAppTests";
				PRODUCT_NAME = "$(TARGET_NAME)";
				SWIFT_EMIT_LOC_STRINGS = NO;
				SWIFT_VERSION = 5.0;
				TARGETED_DEVICE_FAMILY = "1,2";
				TEST_HOST = "$(BUILT_PRODUCTS_DIR)/FirstApp.app/$(BUNDLE_EXECUTABLE_FOLDER_PATH)/FirstApp";
			};
			name = Debug;
		};
		D08C66092B9D7FDF00650F81 /* Release */ = {
			isa = XCBuildConfiguration;
			buildSettings = {
				ALWAYS_EMBED_SWIFT_STANDARD_LIBRARIES = YES;
				BUNDLE_LOADER = "$(TEST_HOST)";
				CODE_SIGN_STYLE = Automatic;
				CURRENT_PROJECT_VERSION = 1;
				GENERATE_INFOPLIST_FILE = YES;
				IPHONEOS_DEPLOYMENT_TARGET = 17.2;
				MARKETING_VERSION = 1.0;
				PRODUCT_BUNDLE_IDENTIFIER = "Agfi-Hermawan.FirstAppTests";
				PRODUCT_NAME = "$(TARGET_NAME)";
				SWIFT_EMIT_LOC_STRINGS = NO;
				SWIFT_VERSION = 5.0;
				TARGETED_DEVICE_FAMILY = "1,2";
				TEST_HOST = "$(BUILT_PRODUCTS_DIR)/FirstApp.app/$(BUNDLE_EXECUTABLE_FOLDER_PATH)/FirstApp";
			};
			name = Release;
		};
		D08C660B2B9D7FDF00650F81 /* Debug */ = {
			isa = XCBuildConfiguration;
			buildSettings = {
				ALWAYS_EMBED_SWIFT_STANDARD_LIBRARIES = YES;
				CODE_SIGN_STYLE = Automatic;
				CURRENT_PROJECT_VERSION = 1;
				GENERATE_INFOPLIST_FILE = YES;
				MARKETING_VERSION = 1.0;
				PRODUCT_BUNDLE_IDENTIFIER = "Agfi-Hermawan.FirstAppUITests";
				PRODUCT_NAME = "$(TARGET_NAME)";
				SWIFT_EMIT_LOC_STRINGS = NO;
				SWIFT_VERSION = 5.0;
				TARGETED_DEVICE_FAMILY = "1,2";
				TEST_TARGET_NAME = FirstApp;
			};
			name = Debug;
		};
		D08C660C2B9D7FDF00650F81 /* Release */ = {
			isa = XCBuildConfiguration;
			buildSettings = {
				ALWAYS_EMBED_SWIFT_STANDARD_LIBRARIES = YES;
				CODE_SIGN_STYLE = Automatic;
				CURRENT_PROJECT_VERSION = 1;
				GENERATE_INFOPLIST_FILE = YES;
				MARKETING_VERSION = 1.0;
				PRODUCT_BUNDLE_IDENTIFIER = "Agfi-Hermawan.FirstAppUITests";
				PRODUCT_NAME = "$(TARGET_NAME)";
				SWIFT_EMIT_LOC_STRINGS = NO;
				SWIFT_VERSION = 5.0;
				TARGETED_DEVICE_FAMILY = "1,2";
				TEST_TARGET_NAME = FirstApp;
			};
			name = Release;
		};
/* End XCBuildConfiguration section */

/* Begin XCConfigurationList section */
		D08C65DB2B9D7FDD00650F81 /* Build configuration list for PBXProject "FirstApp" */ = {
			isa = XCConfigurationList;
			buildConfigurations = (
				D08C66022B9D7FDF00650F81 /* Debug */,
				D08C66032B9D7FDF00650F81 /* Release */,
			);
			defaultConfigurationIsVisible = 0;
			defaultConfigurationName = Release;
		};
		D08C66042B9D7FDF00650F81 /* Build configuration list for PBXNativeTarget "FirstApp" */ = {
			isa = XCConfigurationList;
			buildConfigurations = (
				D08C66052B9D7FDF00650F81 /* Debug */,
				D08C66062B9D7FDF00650F81 /* Release */,
			);
			defaultConfigurationIsVisible = 0;
			defaultConfigurationName = Release;
		};
		D08C66072B9D7FDF00650F81 /* Build configuration list for PBXNativeTarget "FirstAppTests" */ = {
			isa = XCConfigurationList;
			buildConfigurations = (
				D08C66082B9D7FDF00650F81 /* Debug */,
				D08C66092B9D7FDF00650F81 /* Release */,
			);
			defaultConfigurationIsVisible = 0;
			defaultConfigurationName = Release;
		};
		D08C660A2B9D7FDF00650F81 /* Build configuration list for PBXNativeTarget "FirstAppUITests" */ = {
			isa = XCConfigurationList;
			buildConfigurations = (
				D08C660B2B9D7FDF00650F81 /* Debug */,
				D08C660C2B9D7FDF00650F81 /* Release */,
			);
			defaultConfigurationIsVisible = 0;
			defaultConfigurationName = Release;
		};
/* End XCConfigurationList section */
	};
	rootObject = D08C65D82B9D7FDD00650F81 /* Project object */;
}
